
Microsoft Visual Studio Solution File, Format Version 12.00
# Visual Studio Version 16
VisualStudioVersion = 16.0.29424.173
MinimumVisualStudioVersion = 10.0.40219.1
Project("{FAE04EC0-301F-11D3-BF4B-00C04F79EFBC}") = "MuhDesktop", "MuhDesktop.csproj", "{9592CA97-5D5B-4E3C-9D87-DBC683C20124}"
EndProject
Project("{FAE04EC0-301F-11D3-BF4B-00C04F79EFBC}") = "MuhApi", "..\MuhApi\MuhApi.csproj", "{D15C1347-81E0-4393-8D44-EDE4B2AE6F9D}"
EndProject
Project("{FAE04EC0-301F-11D3-BF4B-00C04F79EFBC}") = "MuhShared", "..\MuhShared\MuhShared.csproj", "{04F521B4-4875-4334-9F73-50185BDF3CDD}"
EndProject
Project("{FAE04EC0-301F-11D3-BF4B-00C04F79EFBC}") = "MuhService", "..\MuhService\MuhService.csproj", "{57223B11-E450-411E-ABDD-53CA31BFFB2D}"
EndProject
Global
	GlobalSection(SolutionConfigurationPlatforms) = preSolution
		Debug|Any CPU = Debug|Any CPU
		Release|Any CPU = Release|Any CPU
	EndGlobalSection
	GlobalSection(ProjectConfigurationPlatforms) = postSolution
		{9592CA97-5D5B-4E3C-9D87-DBC683C20124}.Debug|Any CPU.ActiveCfg = Debug|Any CPU
		{9592CA97-5D5B-4E3C-9D87-DBC683C20124}.Debug|Any CPU.Build.0 = Debug|Any CPU
		{9592CA97-5D5B-4E3C-9D87-DBC683C20124}.Release|Any CPU.ActiveCfg = Release|Any CPU
		{9592CA97-5D5B-4E3C-9D87-DBC683C20124}.Release|Any CPU.Build.0 = Release|Any CPU
		{D15C1347-81E0-4393-8D44-EDE4B2AE6F9D}.Debug|Any CPU.ActiveCfg = Debug|Any CPU
		{D15C1347-81E0-4393-8D44-EDE4B2AE6F9D}.Debug|Any CPU.Build.0 = Debug|Any CPU
		{D15C1347-81E0-4393-8D44-EDE4B2AE6F9D}.Release|Any CPU.ActiveCfg = Release|Any CPU
		{D15C1347-81E0-4393-8D44-EDE4B2AE6F9D}.Release|Any CPU.Build.0 = Release|Any CPU
		{04F521B4-4875-4334-9F73-50185BDF3CDD}.Debug|Any CPU.ActiveCfg = Debug|Any CPU
		{04F521B4-4875-4334-9F73-50185BDF3CDD}.Debug|Any CPU.Build.0 = Debug|Any CPU
		{04F521B4-4875-4334-9F73-50185BDF3CDD}.Release|Any CPU.ActiveCfg = Release|Any CPU
		{04F521B4-4875-4334-9F73-50185BDF3CDD}.Release|Any CPU.Build.0 = Release|Any CPU
		{57223B11-E450-411E-ABDD-53CA31BFFB2D}.Debug|Any CPU.ActiveCfg = Debug|Any CPU
		{57223B11-E450-411E-ABDD-53CA31BFFB2D}.Debug|Any CPU.Build.0 = Debug|Any CPU
		{57223B11-E450-411E-ABDD-53CA31BFFB2D}.Release|Any CPU.ActiveCfg = Release|Any CPU
		{57223B11-E450-411E-ABDD-53CA31BFFB2D}.Release|Any CPU.Build.0 = Release|Any CPU
	EndGlobalSection
	GlobalSection(SolutionProperties) = preSolution
		HideSolutionNode = FALSE
	EndGlobalSection
	GlobalSection(ExtensibilityGlobals) = postSolution
		SolutionGuid = {21FE0B77-2E1F-45CD-8529-2BF019B461E2}
	EndGlobalSection
EndGlobal
